// !$*UTF8*$!
{
	archiveVersion = 1;
	classes = {
	};
	objectVersion = 51;
	objects = {

/* Begin PBXBuildFile section */
		6E99B107232261B000DB302F /* libsqlite3.0.tbd in Frameworks */ = {isa = PBXBuildFile; fileRef = 6E99B106232261B000DB302F /* libsqlite3.0.tbd */; };
		6EA7653B231FB0D6001C94BB /* AppDelegate.swift in Sources */ = {isa = PBXBuildFile; fileRef = 6EA7653A231FB0D6001C94BB /* AppDelegate.swift */; };
		6EA7653D231FB0D6001C94BB /* ViewController.swift in Sources */ = {isa = PBXBuildFile; fileRef = 6EA7653C231FB0D6001C94BB /* ViewController.swift */; };
		6EA76540231FB0D6001C94BB /* Main.storyboard in Resources */ = {isa = PBXBuildFile; fileRef = 6EA7653E231FB0D6001C94BB /* Main.storyboard */; };
		6EA76542231FB0DF001C94BB /* Assets.xcassets in Resources */ = {isa = PBXBuildFile; fileRef = 6EA76541231FB0DF001C94BB /* Assets.xcassets */; };
		6EA76545231FB0DF001C94BB /* LaunchScreen.storyboard in Resources */ = {isa = PBXBuildFile; fileRef = 6EA76543231FB0DF001C94BB /* LaunchScreen.storyboard */; };
		924DDE381761E524C0B8113F /* Pods_Ui_Assignment.framework in Frameworks */ = {isa = PBXBuildFile; fileRef = 90410DFFF02369A7F14164D1 /* Pods_Ui_Assignment.framework */; };
		E4107D3823E147C50052C08F /* Row1Col4signupVC.swift in Sources */ = {isa = PBXBuildFile; fileRef = E4107D3723E147C50052C08F /* Row1Col4signupVC.swift */; };
		E4107D3A23E17E940052C08F /* Row1col4(2)VC.swift in Sources */ = {isa = PBXBuildFile; fileRef = E4107D3923E17E940052C08F /* Row1col4(2)VC.swift */; };
		E4107D4623E19EEB0052C08F /* Row2col4VC.swift in Sources */ = {isa = PBXBuildFile; fileRef = E4107D4523E19EEB0052C08F /* Row2col4VC.swift */; };
		E424A53323DEB8E400E24A76 /* Row1Col3VC.swift in Sources */ = {isa = PBXBuildFile; fileRef = E424A53223DEB8E400E24A76 /* Row1Col3VC.swift */; };
		E424A53523DEDC7800E24A76 /* Row1Col4VC.swift in Sources */ = {isa = PBXBuildFile; fileRef = E424A53423DEDC7800E24A76 /* Row1Col4VC.swift */; };
		E42C049023E59F7C0036846D /* Row3Col2VC.swift in Sources */ = {isa = PBXBuildFile; fileRef = E42C048F23E59F7C0036846D /* Row3Col2VC.swift */; };
		E432A80C23E94ED40008ADD8 /* Row3Col3VC.swift in Sources */ = {isa = PBXBuildFile; fileRef = E432A80B23E94ED40008ADD8 /* Row3Col3VC.swift */; };
		E432A80E23E9764B0008ADD8 /* Row3Col3SignupVC.swift in Sources */ = {isa = PBXBuildFile; fileRef = E432A80D23E9764B0008ADD8 /* Row3Col3SignupVC.swift */; };
		E432A81023E9938A0008ADD8 /* Row3Col4VC.swift in Sources */ = {isa = PBXBuildFile; fileRef = E432A80F23E9938A0008ADD8 /* Row3Col4VC.swift */; };
		E440A2A923E2888600B7AF63 /* Row2col3VC.swift in Sources */ = {isa = PBXBuildFile; fileRef = E440A2A823E2888600B7AF63 /* Row2col3VC.swift */; };
		E440A2AB23E28AFE00B7AF63 /* Row2col3SignUp.swift in Sources */ = {isa = PBXBuildFile; fileRef = E440A2AA23E28AFE00B7AF63 /* Row2col3SignUp.swift */; };
		E440A2AD23E28B2100B7AF63 /* Row2col3SignIn.swift in Sources */ = {isa = PBXBuildFile; fileRef = E440A2AC23E28B2100B7AF63 /* Row2col3SignIn.swift */; };
		E49A92A123DAB2EF005D6E7F /* Screen1Row1VC.swift in Sources */ = {isa = PBXBuildFile; fileRef = E49A92A023DAB2EF005D6E7F /* Screen1Row1VC.swift */; };
		E49A92A323DAFB58005D6E7F /* Column1row2VC.swift in Sources */ = {isa = PBXBuildFile; fileRef = E49A92A223DAFB58005D6E7F /* Column1row2VC.swift */; };
		E4D6748023E549EF00AB841C /* Row3Col1VC.swift in Sources */ = {isa = PBXBuildFile; fileRef = E4D6747F23E549EF00AB841C /* Row3Col1VC.swift */; };
		E4DBA30623E003F8000F0C61 /* Row2Col1VC.swift in Sources */ = {isa = PBXBuildFile; fileRef = E4DBA30523E003F8000F0C61 /* Row2Col1VC.swift */; };
		E4DBA30823E06CFF000F0C61 /* Row2col2VC.swift in Sources */ = {isa = PBXBuildFile; fileRef = E4DBA30723E06CFF000F0C61 /* Row2col2VC.swift */; };
/* End PBXBuildFile section */

/* Begin PBXFileReference section */
		6E99B106232261B000DB302F /* libsqlite3.0.tbd */ = {isa = PBXFileReference; lastKnownFileType = "sourcecode.text-based-dylib-definition"; name = libsqlite3.0.tbd; path = usr/lib/libsqlite3.0.tbd; sourceTree = SDKROOT; };
		6EA76537231FB0D6001C94BB /* Ui Assignment.app */ = {isa = PBXFileReference; explicitFileType = wrapper.application; includeInIndex = 0; path = "Ui Assignment.app"; sourceTree = BUILT_PRODUCTS_DIR; };
		6EA7653A231FB0D6001C94BB /* AppDelegate.swift */ = {isa = PBXFileReference; lastKnownFileType = sourcecode.swift; path = AppDelegate.swift; sourceTree = "<group>"; };
		6EA7653C231FB0D6001C94BB /* ViewController.swift */ = {isa = PBXFileReference; lastKnownFileType = sourcecode.swift; path = ViewController.swift; sourceTree = "<group>"; };
		6EA7653F231FB0D6001C94BB /* Base */ = {isa = PBXFileReference; lastKnownFileType = file.storyboard; name = Base; path = Base.lproj/Main.storyboard; sourceTree = "<group>"; };
		6EA76541231FB0DF001C94BB /* Assets.xcassets */ = {isa = PBXFileReference; lastKnownFileType = folder.assetcatalog; name = Assets.xcassets; path = ../LeaveApplication/Assets.xcassets; sourceTree = "<group>"; };
		6EA76544231FB0DF001C94BB /* Base */ = {isa = PBXFileReference; lastKnownFileType = file.storyboard; name = Base; path = Base.lproj/LaunchScreen.storyboard; sourceTree = "<group>"; };
		6EA76546231FB0DF001C94BB /* Info.plist */ = {isa = PBXFileReference; lastKnownFileType = text.plist.xml; path = Info.plist; sourceTree = "<group>"; };
		90410DFFF02369A7F14164D1 /* Pods_Ui_Assignment.framework */ = {isa = PBXFileReference; explicitFileType = wrapper.framework; includeInIndex = 0; path = Pods_Ui_Assignment.framework; sourceTree = BUILT_PRODUCTS_DIR; };
		AA6F7D2F1689541FD5400632 /* Pods-Ui Assignment.debug.xcconfig */ = {isa = PBXFileReference; includeInIndex = 1; lastKnownFileType = text.xcconfig; name = "Pods-Ui Assignment.debug.xcconfig"; path = "Target Support Files/Pods-Ui Assignment/Pods-Ui Assignment.debug.xcconfig"; sourceTree = "<group>"; };
		E4107D3723E147C50052C08F /* Row1Col4signupVC.swift */ = {isa = PBXFileReference; lastKnownFileType = sourcecode.swift; path = Row1Col4signupVC.swift; sourceTree = "<group>"; };
		E4107D3923E17E940052C08F /* Row1col4(2)VC.swift */ = {isa = PBXFileReference; lastKnownFileType = sourcecode.swift; path = "Row1col4(2)VC.swift"; sourceTree = "<group>"; };
		E4107D4523E19EEB0052C08F /* Row2col4VC.swift */ = {isa = PBXFileReference; lastKnownFileType = sourcecode.swift; path = Row2col4VC.swift; sourceTree = "<group>"; };
		E424A53223DEB8E400E24A76 /* Row1Col3VC.swift */ = {isa = PBXFileReference; lastKnownFileType = sourcecode.swift; path = Row1Col3VC.swift; sourceTree = "<group>"; };
		E424A53423DEDC7800E24A76 /* Row1Col4VC.swift */ = {isa = PBXFileReference; lastKnownFileType = sourcecode.swift; path = Row1Col4VC.swift; sourceTree = "<group>"; };
		E42C048F23E59F7C0036846D /* Row3Col2VC.swift */ = {isa = PBXFileReference; lastKnownFileType = sourcecode.swift; path = Row3Col2VC.swift; sourceTree = "<group>"; };
		E432A80B23E94ED40008ADD8 /* Row3Col3VC.swift */ = {isa = PBXFileReference; lastKnownFileType = sourcecode.swift; path = Row3Col3VC.swift; sourceTree = "<group>"; };
		E432A80D23E9764B0008ADD8 /* Row3Col3SignupVC.swift */ = {isa = PBXFileReference; lastKnownFileType = sourcecode.swift; path = Row3Col3SignupVC.swift; sourceTree = "<group>"; };
		E432A80F23E9938A0008ADD8 /* Row3Col4VC.swift */ = {isa = PBXFileReference; lastKnownFileType = sourcecode.swift; path = Row3Col4VC.swift; sourceTree = "<group>"; };
		E440A2A823E2888600B7AF63 /* Row2col3VC.swift */ = {isa = PBXFileReference; lastKnownFileType = sourcecode.swift; path = Row2col3VC.swift; sourceTree = "<group>"; };
		E440A2AA23E28AFE00B7AF63 /* Row2col3SignUp.swift */ = {isa = PBXFileReference; lastKnownFileType = sourcecode.swift; path = Row2col3SignUp.swift; sourceTree = "<group>"; };
		E440A2AC23E28B2100B7AF63 /* Row2col3SignIn.swift */ = {isa = PBXFileReference; lastKnownFileType = sourcecode.swift; path = Row2col3SignIn.swift; sourceTree = "<group>"; };
		E49A92A023DAB2EF005D6E7F /* Screen1Row1VC.swift */ = {isa = PBXFileReference; lastKnownFileType = sourcecode.swift; path = Screen1Row1VC.swift; sourceTree = "<group>"; };
		E49A92A223DAFB58005D6E7F /* Column1row2VC.swift */ = {isa = PBXFileReference; lastKnownFileType = sourcecode.swift; path = Column1row2VC.swift; sourceTree = "<group>"; };
		E4D6747F23E549EF00AB841C /* Row3Col1VC.swift */ = {isa = PBXFileReference; lastKnownFileType = sourcecode.swift; path = Row3Col1VC.swift; sourceTree = "<group>"; };
		E4DBA30523E003F8000F0C61 /* Row2Col1VC.swift */ = {isa = PBXFileReference; lastKnownFileType = sourcecode.swift; path = Row2Col1VC.swift; sourceTree = "<group>"; };
		E4DBA30723E06CFF000F0C61 /* Row2col2VC.swift */ = {isa = PBXFileReference; lastKnownFileType = sourcecode.swift; path = Row2col2VC.swift; sourceTree = "<group>"; };
		F2D66747B013F83A6AE38C2F /* Pods-Ui Assignment.release.xcconfig */ = {isa = PBXFileReference; includeInIndex = 1; lastKnownFileType = text.xcconfig; name = "Pods-Ui Assignment.release.xcconfig"; path = "Target Support Files/Pods-Ui Assignment/Pods-Ui Assignment.release.xcconfig"; sourceTree = "<group>"; };
/* End PBXFileReference section */

/* Begin PBXFrameworksBuildPhase section */
		6EA76534231FB0D6001C94BB /* Frameworks */ = {
			isa = PBXFrameworksBuildPhase;
			buildActionMask = 2147483647;
			files = (
				6E99B107232261B000DB302F /* libsqlite3.0.tbd in Frameworks */,
				924DDE381761E524C0B8113F /* Pods_Ui_Assignment.framework in Frameworks */,
			);
			runOnlyForDeploymentPostprocessing = 0;
		};
/* End PBXFrameworksBuildPhase section */

/* Begin PBXGroup section */
		6E99B105232261AF00DB302F /* Frameworks */ = {
			isa = PBXGroup;
			children = (
				6E99B106232261B000DB302F /* libsqlite3.0.tbd */,
				90410DFFF02369A7F14164D1 /* Pods_Ui_Assignment.framework */,
			);
			name = Frameworks;
			sourceTree = "<group>";
		};
		6EA7652E231FB0D6001C94BB = {
			isa = PBXGroup;
			children = (
				6EA76539231FB0D6001C94BB /* NavigationDrawer */,
				6EA76538231FB0D6001C94BB /* Products */,
				6E99B105232261AF00DB302F /* Frameworks */,
				8065DEF85CA32811C55A0AA0 /* Pods */,
			);
			sourceTree = "<group>";
		};
		6EA76538231FB0D6001C94BB /* Products */ = {
			isa = PBXGroup;
			children = (
				6EA76537231FB0D6001C94BB /* Ui Assignment.app */,
			);
			name = Products;
			sourceTree = "<group>";
		};
		6EA76539231FB0D6001C94BB /* NavigationDrawer */ = {
			isa = PBXGroup;
			children = (
				E4D6747E23E5469900AB841C /* Row4Screens */,
				E440A2A723E2861A00B7AF63 /* Row3Screens */,
				E4107D3C23E18D2F0052C08F /* Row2Screens */,
				E4107D3B23E18D120052C08F /* Row1Screens */,
				6EA7653A231FB0D6001C94BB /* AppDelegate.swift */,
				6EA7653C231FB0D6001C94BB /* ViewController.swift */,
				6EA7653E231FB0D6001C94BB /* Main.storyboard */,
				6EA76541231FB0DF001C94BB /* Assets.xcassets */,
				6EA76543231FB0DF001C94BB /* LaunchScreen.storyboard */,
				6EA76546231FB0DF001C94BB /* Info.plist */,
			);
			name = NavigationDrawer;
			path = LeaveApplication;
			sourceTree = "<group>";
		};
		8065DEF85CA32811C55A0AA0 /* Pods */ = {
			isa = PBXGroup;
			children = (
				AA6F7D2F1689541FD5400632 /* Pods-Ui Assignment.debug.xcconfig */,
				F2D66747B013F83A6AE38C2F /* Pods-Ui Assignment.release.xcconfig */,
			);
			path = Pods;
			sourceTree = "<group>";
		};
		E4107D3B23E18D120052C08F /* Row1Screens */ = {
			isa = PBXGroup;
			children = (
				E49A92A023DAB2EF005D6E7F /* Screen1Row1VC.swift */,
				E49A92A223DAFB58005D6E7F /* Column1row2VC.swift */,
				E424A53223DEB8E400E24A76 /* Row1Col3VC.swift */,
				E424A53423DEDC7800E24A76 /* Row1Col4VC.swift */,
				E4107D3923E17E940052C08F /* Row1col4(2)VC.swift */,
				E4107D3723E147C50052C08F /* Row1Col4signupVC.swift */,
			);
			path = Row1Screens;
			sourceTree = "<group>";
		};
		E4107D3C23E18D2F0052C08F /* Row2Screens */ = {
			isa = PBXGroup;
			children = (
				E4DBA30523E003F8000F0C61 /* Row2Col1VC.swift */,
				E4DBA30723E06CFF000F0C61 /* Row2col2VC.swift */,
				E440A2A823E2888600B7AF63 /* Row2col3VC.swift */,
				E440A2AA23E28AFE00B7AF63 /* Row2col3SignUp.swift */,
				E440A2AC23E28B2100B7AF63 /* Row2col3SignIn.swift */,
				E4107D4523E19EEB0052C08F /* Row2col4VC.swift */,
			);
			path = Row2Screens;
			sourceTree = "<group>";
		};
		E440A2A723E2861A00B7AF63 /* Row3Screens */ = {
			isa = PBXGroup;
			children = (
				E4D6747F23E549EF00AB841C /* Row3Col1VC.swift */,
				E42C048F23E59F7C0036846D /* Row3Col2VC.swift */,
				E432A80B23E94ED40008ADD8 /* Row3Col3VC.swift */,
				E432A80D23E9764B0008ADD8 /* Row3Col3SignupVC.swift */,
				E432A80F23E9938A0008ADD8 /* Row3Col4VC.swift */,
			);
			path = Row3Screens;
			sourceTree = "<group>";
		};
		E4D6747E23E5469900AB841C /* Row4Screens */ = {
			isa = PBXGroup;
			children = (
			);
			name = Row4Screens;
			path = "New Group";
			sourceTree = "<group>";
		};
/* End PBXGroup section */

/* Begin PBXNativeTarget section */
		6EA76536231FB0D6001C94BB /* Ui Assignment */ = {
			isa = PBXNativeTarget;
			buildConfigurationList = 6EA76549231FB0DF001C94BB /* Build configuration list for PBXNativeTarget "Ui Assignment" */;
			buildPhases = (
				9299F38CB243C6CCDA20EE9F /* [CP] Check Pods Manifest.lock */,
				6EA76533231FB0D6001C94BB /* Sources */,
				6EA76534231FB0D6001C94BB /* Frameworks */,
				6EA76535231FB0D6001C94BB /* Resources */,
				B41B1CF83FC4DC77D14486CD /* [CP] Embed Pods Frameworks */,
			);
			buildRules = (
			);
			dependencies = (
			);
			name = "Ui Assignment";
			productName = LeaveApplication;
			productReference = 6EA76537231FB0D6001C94BB /* Ui Assignment.app */;
			productType = "com.apple.product-type.application";
		};
/* End PBXNativeTarget section */

/* Begin PBXProject section */
		6EA7652F231FB0D6001C94BB /* Project object */ = {
			isa = PBXProject;
			attributes = {
				LastSwiftUpdateCheck = 0940;
				LastUpgradeCheck = 0940;
				ORGANIZATIONNAME = "";
				TargetAttributes = {
					6EA76536231FB0D6001C94BB = {
						CreatedOnToolsVersion = 9.4.1;
						LastSwiftMigration = 0940;
					};
				};
			};
			buildConfigurationList = 6EA76532231FB0D6001C94BB /* Build configuration list for PBXProject "Ui Assignment" */;
			compatibilityVersion = "Xcode 9.3";
			developmentRegion = en;
			hasScannedForEncodings = 0;
			knownRegions = (
				en,
				Base,
			);
			mainGroup = 6EA7652E231FB0D6001C94BB;
			productRefGroup = 6EA76538231FB0D6001C94BB /* Products */;
			projectDirPath = "";
			projectRoot = "";
			targets = (
				6EA76536231FB0D6001C94BB /* Ui Assignment */,
			);
		};
/* End PBXProject section */

/* Begin PBXResourcesBuildPhase section */
		6EA76535231FB0D6001C94BB /* Resources */ = {
			isa = PBXResourcesBuildPhase;
			buildActionMask = 2147483647;
			files = (
				6EA76545231FB0DF001C94BB /* LaunchScreen.storyboard in Resources */,
				6EA76542231FB0DF001C94BB /* Assets.xcassets in Resources */,
				6EA76540231FB0D6001C94BB /* Main.storyboard in Resources */,
			);
			runOnlyForDeploymentPostprocessing = 0;
		};
/* End PBXResourcesBuildPhase section */

/* Begin PBXShellScriptBuildPhase section */
		9299F38CB243C6CCDA20EE9F /* [CP] Check Pods Manifest.lock */ = {
			isa = PBXShellScriptBuildPhase;
			buildActionMask = 2147483647;
			files = (
			);
			inputFileListPaths = (
			);
			inputPaths = (
				"${PODS_PODFILE_DIR_PATH}/Podfile.lock",
				"${PODS_ROOT}/Manifest.lock",
			);
			name = "[CP] Check Pods Manifest.lock";
			outputFileListPaths = (
			);
			outputPaths = (
				"$(DERIVED_FILE_DIR)/Pods-Ui Assignment-checkManifestLockResult.txt",
			);
			runOnlyForDeploymentPostprocessing = 0;
			shellPath = /bin/sh;
			shellScript = "diff \"${PODS_PODFILE_DIR_PATH}/Podfile.lock\" \"${PODS_ROOT}/Manifest.lock\" > /dev/null\nif [ $? != 0 ] ; then\n    # print error to STDERR\n    echo \"error: The sandbox is not in sync with the Podfile.lock. Run 'pod install' or update your CocoaPods installation.\" >&2\n    exit 1\nfi\n# This output is used by Xcode 'outputs' to avoid re-running this script phase.\necho \"SUCCESS\" > \"${SCRIPT_OUTPUT_FILE_0}\"\n";
			showEnvVarsInLog = 0;
		};
		B41B1CF83FC4DC77D14486CD /* [CP] Embed Pods Frameworks */ = {
			isa = PBXShellScriptBuildPhase;
			buildActionMask = 2147483647;
			files = (
			);
			inputFileListPaths = (
				"${PODS_ROOT}/Target Support Files/Pods-Ui Assignment/Pods-Ui Assignment-frameworks-${CONFIGURATION}-input-files.xcfilelist",
			);
			name = "[CP] Embed Pods Frameworks";
			outputFileListPaths = (
				"${PODS_ROOT}/Target Support Files/Pods-Ui Assignment/Pods-Ui Assignment-frameworks-${CONFIGURATION}-output-files.xcfilelist",
			);
			runOnlyForDeploymentPostprocessing = 0;
			shellPath = /bin/sh;
			shellScript = "\"${PODS_ROOT}/Target Support Files/Pods-Ui Assignment/Pods-Ui Assignment-frameworks.sh\"\n";
			showEnvVarsInLog = 0;
		};
/* End PBXShellScriptBuildPhase section */

/* Begin PBXSourcesBuildPhase section */
		6EA76533231FB0D6001C94BB /* Sources */ = {
			isa = PBXSourcesBuildPhase;
			buildActionMask = 2147483647;
			files = (
				E4DBA30623E003F8000F0C61 /* Row2Col1VC.swift in Sources */,
				E49A92A323DAFB58005D6E7F /* Column1row2VC.swift in Sources */,
				6EA7653D231FB0D6001C94BB /* ViewController.swift in Sources */,
				E440A2AB23E28AFE00B7AF63 /* Row2col3SignUp.swift in Sources */,
				E4D6748023E549EF00AB841C /* Row3Col1VC.swift in Sources */,
				E440A2AD23E28B2100B7AF63 /* Row2col3SignIn.swift in Sources */,
				E432A80E23E9764B0008ADD8 /* Row3Col3SignupVC.swift in Sources */,
				E4107D3823E147C50052C08F /* Row1Col4signupVC.swift in Sources */,
				6EA7653B231FB0D6001C94BB /* AppDelegate.swift in Sources */,
				E424A53523DEDC7800E24A76 /* Row1Col4VC.swift in Sources */,
				E432A80C23E94ED40008ADD8 /* Row3Col3VC.swift in Sources */,
				E4107D4623E19EEB0052C08F /* Row2col4VC.swift in Sources */,
				E49A92A123DAB2EF005D6E7F /* Screen1Row1VC.swift in Sources */,
				E4DBA30823E06CFF000F0C61 /* Row2col2VC.swift in Sources */,
				E424A53323DEB8E400E24A76 /* Row1Col3VC.swift in Sources */,
				E432A81023E9938A0008ADD8 /* Row3Col4VC.swift in Sources */,
				E4107D3A23E17E940052C08F /* Row1col4(2)VC.swift in Sources */,
				E440A2A923E2888600B7AF63 /* Row2col3VC.swift in Sources */,
				E42C049023E59F7C0036846D /* Row3Col2VC.swift in Sources */,
			);
			runOnlyForDeploymentPostprocessing = 0;
		};
/* End PBXSourcesBuildPhase section */

/* Begin PBXVariantGroup section */
		6EA7653E231FB0D6001C94BB /* Main.storyboard */ = {
			isa = PBXVariantGroup;
			children = (
				6EA7653F231FB0D6001C94BB /* Base */,
			);
			name = Main.storyboard;
			sourceTree = "<group>";
		};
		6EA76543231FB0DF001C94BB /* LaunchScreen.storyboard */ = {
			isa = PBXVariantGroup;
			children = (
				6EA76544231FB0DF001C94BB /* Base */,
			);
			name = LaunchScreen.storyboard;
			sourceTree = "<group>";
		};
/* End PBXVariantGroup section */

/* Begin XCBuildConfiguration section */
		6EA76547231FB0DF001C94BB /* Debug */ = {
			isa = XCBuildConfiguration;
			buildSettings = {
				ALWAYS_SEARCH_USER_PATHS = NO;
				CLANG_ANALYZER_NONNULL = YES;
				CLANG_ANALYZER_NUMBER_OBJECT_CONVERSION = YES_AGGRESSIVE;
				CLANG_CXX_LANGUAGE_STANDARD = "gnu++14";
				CLANG_CXX_LIBRARY = "libc++";
				CLANG_ENABLE_MODULES = YES;
				CLANG_ENABLE_OBJC_ARC = YES;
				CLANG_ENABLE_OBJC_WEAK = YES;
				CLANG_WARN_BLOCK_CAPTURE_AUTORELEASING = YES;
				CLANG_WARN_BOOL_CONVERSION = YES;
				CLANG_WARN_COMMA = YES;
				CLANG_WARN_CONSTANT_CONVERSION = YES;
				CLANG_WARN_DEPRECATED_OBJC_IMPLEMENTATIONS = YES;
				CLANG_WARN_DIRECT_OBJC_ISA_USAGE = YES_ERROR;
				CLANG_WARN_DOCUMENTATION_COMMENTS = YES;
				CLANG_WARN_EMPTY_BODY = YES;
				CLANG_WARN_ENUM_CONVERSION = YES;
				CLANG_WARN_INFINITE_RECURSION = YES;
				CLANG_WARN_INT_CONVERSION = YES;
				CLANG_WARN_NON_LITERAL_NULL_CONVERSION = YES;
				CLANG_WARN_OBJC_IMPLICIT_RETAIN_SELF = YES;
				CLANG_WARN_OBJC_LITERAL_CONVERSION = YES;
				CLANG_WARN_OBJC_ROOT_CLASS = YES_ERROR;
				CLANG_WARN_RANGE_LOOP_ANALYSIS = YES;
				CLANG_WARN_STRICT_PROTOTYPES = YES;
				CLANG_WARN_SUSPICIOUS_MOVE = YES;
				CLANG_WARN_UNGUARDED_AVAILABILITY = YES_AGGRESSIVE;
				CLANG_WARN_UNREACHABLE_CODE = YES;
				CLANG_WARN__DUPLICATE_METHOD_MATCH = YES;
				CODE_SIGN_IDENTITY = "iPhone Developer";
				COPY_PHASE_STRIP = NO;
				DEBUG_INFORMATION_FORMAT = dwarf;
				ENABLE_STRICT_OBJC_MSGSEND = YES;
				ENABLE_TESTABILITY = YES;
				GCC_C_LANGUAGE_STANDARD = gnu11;
				GCC_DYNAMIC_NO_PIC = NO;
				GCC_NO_COMMON_BLOCKS = YES;
				GCC_OPTIMIZATION_LEVEL = 0;
				GCC_PREPROCESSOR_DEFINITIONS = (
					"DEBUG=1",
					"$(inherited)",
				);
				GCC_WARN_64_TO_32_BIT_CONVERSION = YES;
				GCC_WARN_ABOUT_RETURN_TYPE = YES_ERROR;
				GCC_WARN_UNDECLARED_SELECTOR = YES;
				GCC_WARN_UNINITIALIZED_AUTOS = YES_AGGRESSIVE;
				GCC_WARN_UNUSED_FUNCTION = YES;
				GCC_WARN_UNUSED_VARIABLE = YES;
				IPHONEOS_DEPLOYMENT_TARGET = 11.4;
				MTL_ENABLE_DEBUG_INFO = YES;
				ONLY_ACTIVE_ARCH = YES;
				SDKROOT = iphoneos;
				SWIFT_ACTIVE_COMPILATION_CONDITIONS = DEBUG;
				SWIFT_OPTIMIZATION_LEVEL = "-Onone";
			};
			name = Debug;
		};
		6EA76548231FB0DF001C94BB /* Release */ = {
			isa = XCBuildConfiguration;
			buildSettings = {
				ALWAYS_SEARCH_USER_PATHS = NO;
				CLANG_ANALYZER_NONNULL = YES;
				CLANG_ANALYZER_NUMBER_OBJECT_CONVERSION = YES_AGGRESSIVE;
				CLANG_CXX_LANGUAGE_STANDARD = "gnu++14";
				CLANG_CXX_LIBRARY = "libc++";
				CLANG_ENABLE_MODULES = YES;
				CLANG_ENABLE_OBJC_ARC = YES;
				CLANG_ENABLE_OBJC_WEAK = YES;
				CLANG_WARN_BLOCK_CAPTURE_AUTORELEASING = YES;
				CLANG_WARN_BOOL_CONVERSION = YES;
				CLANG_WARN_COMMA = YES;
				CLANG_WARN_CONSTANT_CONVERSION = YES;
				CLANG_WARN_DEPRECATED_OBJC_IMPLEMENTATIONS = YES;
				CLANG_WARN_DIRECT_OBJC_ISA_USAGE = YES_ERROR;
				CLANG_WARN_DOCUMENTATION_COMMENTS = YES;
				CLANG_WARN_EMPTY_BODY = YES;
				CLANG_WARN_ENUM_CONVERSION = YES;
				CLANG_WARN_INFINITE_RECURSION = YES;
				CLANG_WARN_INT_CONVERSION = YES;
				CLANG_WARN_NON_LITERAL_NULL_CONVERSION = YES;
				CLANG_WARN_OBJC_IMPLICIT_RETAIN_SELF = YES;
				CLANG_WARN_OBJC_LITERAL_CONVERSION = YES;
				CLANG_WARN_OBJC_ROOT_CLASS = YES_ERROR;
				CLANG_WARN_RANGE_LOOP_ANALYSIS = YES;
				CLANG_WARN_STRICT_PROTOTYPES = YES;
				CLANG_WARN_SUSPICIOUS_MOVE = YES;
				CLANG_WARN_UNGUARDED_AVAILABILITY = YES_AGGRESSIVE;
				CLANG_WARN_UNREACHABLE_CODE = YES;
				CLANG_WARN__DUPLICATE_METHOD_MATCH = YES;
				CODE_SIGN_IDENTITY = "iPhone Developer";
				COPY_PHASE_STRIP = NO;
				DEBUG_INFORMATION_FORMAT = "dwarf-with-dsym";
				ENABLE_NS_ASSERTIONS = NO;
				ENABLE_STRICT_OBJC_MSGSEND = YES;
				GCC_C_LANGUAGE_STANDARD = gnu11;
				GCC_NO_COMMON_BLOCKS = YES;
				GCC_WARN_64_TO_32_BIT_CONVERSION = YES;
				GCC_WARN_ABOUT_RETURN_TYPE = YES_ERROR;
				GCC_WARN_UNDECLARED_SELECTOR = YES;
				GCC_WARN_UNINITIALIZED_AUTOS = YES_AGGRESSIVE;
				GCC_WARN_UNUSED_FUNCTION = YES;
				GCC_WARN_UNUSED_VARIABLE = YES;
				IPHONEOS_DEPLOYMENT_TARGET = 11.4;
				MTL_ENABLE_DEBUG_INFO = NO;
				SDKROOT = iphoneos;
				SWIFT_COMPILATION_MODE = wholemodule;
				SWIFT_OPTIMIZATION_LEVEL = "-O";
				VALIDATE_PRODUCT = YES;
			};
			name = Release;
		};
		6EA7654A231FB0DF001C94BB /* Debug */ = {
			isa = XCBuildConfiguration;
			baseConfigurationReference = AA6F7D2F1689541FD5400632 /* Pods-Ui Assignment.debug.xcconfig */;
			buildSettings = {
				ASSETCATALOG_COMPILER_APPICON_NAME = AppIcon;
				CLANG_ENABLE_MODULES = YES;
				CODE_SIGN_STYLE = Automatic;
				DEVELOPMENT_TEAM = "";
				INFOPLIST_FILE = LeaveApplication/Info.plist;
				LD_RUNPATH_SEARCH_PATHS = (
					"$(inherited)",
					"@executable_path/Frameworks",
				);
				PRODUCT_BUNDLE_IDENTIFIER = Singh.UiAssignment;
				PRODUCT_NAME = "$(TARGET_NAME)";
				SWIFT_OPTIMIZATION_LEVEL = "-Onone";
				SWIFT_VERSION = 4.0;
				TARGETED_DEVICE_FAMILY = "1,2";
			};
			name = Debug;
		};
		6EA7654B231FB0DF001C94BB /* Release */ = {
			isa = XCBuildConfiguration;
			baseConfigurationReference = F2D66747B013F83A6AE38C2F /* Pods-Ui Assignment.release.xcconfig */;
			buildSettings = {
				ASSETCATALOG_COMPILER_APPICON_NAME = AppIcon;
				CLANG_ENABLE_MODULES = YES;
				CODE_SIGN_STYLE = Automatic;
				DEVELOPMENT_TEAM = "";
				INFOPLIST_FILE = LeaveApplication/Info.plist;
				LD_RUNPATH_SEARCH_PATHS = (
					"$(inherited)",
					"@executable_path/Frameworks",
				);
				PRODUCT_BUNDLE_IDENTIFIER = Singh.UiAssignment;
				PRODUCT_NAME = "$(TARGET_NAME)";
				SWIFT_VERSION = 4.0;
				TARGETED_DEVICE_FAMILY = "1,2";
			};
			name = Release;
		};
/* End XCBuildConfiguration section */

/* Begin XCConfigurationList section */
		6EA76532231FB0D6001C94BB /* Build configuration list for PBXProject "Ui Assignment" */ = {
			isa = XCConfigurationList;
			buildConfigurations = (
				6EA76547231FB0DF001C94BB /* Debug */,
				6EA76548231FB0DF001C94BB /* Release */,
			);
			defaultConfigurationIsVisible = 0;
			defaultConfigurationName = Release;
		};
		6EA76549231FB0DF001C94BB /* Build configuration list for PBXNativeTarget "Ui Assignment" */ = {
			isa = XCConfigurationList;
			buildConfigurations = (
				6EA7654A231FB0DF001C94BB /* Debug */,
				6EA7654B231FB0DF001C94BB /* Release */,
			);
			defaultConfigurationIsVisible = 0;
			defaultConfigurationName = Release;
		};
/* End XCConfigurationList section */
	};
	rootObject = 6EA7652F231FB0D6001C94BB /* Project object */;
}
